// !$*UTF8*$!
{
	archiveVersion = 1;
	classes = {
	};
	objectVersion = 55;
	objects = {

/* Begin PBXBuildFile section */
		04EBE64B28844C0D006D0EF8 /* NCKH-code_LaneDetect-Only.cpp in Sources */ = {isa = PBXBuildFile; fileRef = 04EBE64A28844C0D006D0EF8 /* NCKH-code_LaneDetect-Only.cpp */; };
		04EBE68428844E4B006D0EF8 /* libopencv_reg.4.5.5.dylib in Frameworks */ = {isa = PBXBuildFile; fileRef = 04EBE64C28844E49006D0EF8 /* libopencv_reg.4.5.5.dylib */; };
		04EBE68528844E4B006D0EF8 /* libopencv_core.4.5.5.dylib in Frameworks */ = {isa = PBXBuildFile; fileRef = 04EBE64D28844E49006D0EF8 /* libopencv_core.4.5.5.dylib */; };
		04EBE68628844E4B006D0EF8 /* libopencv_features2d.4.5.5.dylib in Frameworks */ = {isa = PBXBuildFile; fileRef = 04EBE64E28844E49006D0EF8 /* libopencv_features2d.4.5.5.dylib */; };
		04EBE68728844E4B006D0EF8 /* libopencv_alphamat.4.5.5.dylib in Frameworks */ = {isa = PBXBuildFile; fileRef = 04EBE64F28844E49006D0EF8 /* libopencv_alphamat.4.5.5.dylib */; };
		04EBE68828844E4B006D0EF8 /* libopencv_flann.4.5.5.dylib in Frameworks */ = {isa = PBXBuildFile; fileRef = 04EBE65028844E4A006D0EF8 /* libopencv_flann.4.5.5.dylib */; };
		04EBE68928844E4B006D0EF8 /* libopencv_structured_light.4.5.5.dylib in Frameworks */ = {isa = PBXBuildFile; fileRef = 04EBE65128844E4A006D0EF8 /* libopencv_structured_light.4.5.5.dylib */; };
		04EBE68A28844E4B006D0EF8 /* libopencv_freetype.4.5.5.dylib in Frameworks */ = {isa = PBXBuildFile; fileRef = 04EBE65228844E4A006D0EF8 /* libopencv_freetype.4.5.5.dylib */; };
		04EBE68B28844E4B006D0EF8 /* libopencv_sfm.4.5.5.dylib in Frameworks */ = {isa = PBXBuildFile; fileRef = 04EBE65328844E4A006D0EF8 /* libopencv_sfm.4.5.5.dylib */; };
		04EBE68C28844E4B006D0EF8 /* libopencv_img_hash.4.5.5.dylib in Frameworks */ = {isa = PBXBuildFile; fileRef = 04EBE65428844E4A006D0EF8 /* libopencv_img_hash.4.5.5.dylib */; };
		04EBE68D28844E4B006D0EF8 /* libopencv_dnn.4.5.5.dylib in Frameworks */ = {isa = PBXBuildFile; fileRef = 04EBE65528844E4A006D0EF8 /* libopencv_dnn.4.5.5.dylib */; };
		04EBE68E28844E4B006D0EF8 /* libopencv_superres.4.5.5.dylib in Frameworks */ = {isa = PBXBuildFile; fileRef = 04EBE65628844E4A006D0EF8 /* libopencv_superres.4.5.5.dylib */; };
		04EBE68F28844E4B006D0EF8 /* libopencv_phase_unwrapping.4.5.5.dylib in Frameworks */ = {isa = PBXBuildFile; fileRef = 04EBE65728844E4A006D0EF8 /* libopencv_phase_unwrapping.4.5.5.dylib */; };
		04EBE69028844E4B006D0EF8 /* libopencv_ximgproc.4.5.5.dylib in Frameworks */ = {isa = PBXBuildFile; fileRef = 04EBE65828844E4A006D0EF8 /* libopencv_ximgproc.4.5.5.dylib */; };
		04EBE69128844E4B006D0EF8 /* libopencv_face.4.5.5.dylib in Frameworks */ = {isa = PBXBuildFile; fileRef = 04EBE65928844E4A006D0EF8 /* libopencv_face.4.5.5.dylib */; };
		04EBE69228844E4B006D0EF8 /* libopencv_saliency.4.5.5.dylib in Frameworks */ = {isa = PBXBuildFile; fileRef = 04EBE65A28844E4A006D0EF8 /* libopencv_saliency.4.5.5.dylib */; };
		04EBE69328844E4B006D0EF8 /* libopencv_dnn_objdetect.4.5.5.dylib in Frameworks */ = {isa = PBXBuildFile; fileRef = 04EBE65B28844E4A006D0EF8 /* libopencv_dnn_objdetect.4.5.5.dylib */; };
		04EBE69428844E4B006D0EF8 /* libopencv_ml.4.5.5.dylib in Frameworks */ = {isa = PBXBuildFile; fileRef = 04EBE65C28844E4A006D0EF8 /* libopencv_ml.4.5.5.dylib */; };
		04EBE69528844E4B006D0EF8 /* libopencv_fuzzy.4.5.5.dylib in Frameworks */ = {isa = PBXBuildFile; fileRef = 04EBE65D28844E4A006D0EF8 /* libopencv_fuzzy.4.5.5.dylib */; };
		04EBE69628844E4B006D0EF8 /* libopencv_ccalib.4.5.5.dylib in Frameworks */ = {isa = PBXBuildFile; fileRef = 04EBE65E28844E4A006D0EF8 /* libopencv_ccalib.4.5.5.dylib */; };
		04EBE69728844E4B006D0EF8 /* libopencv_bgsegm.4.5.5.dylib in Frameworks */ = {isa = PBXBuildFile; fileRef = 04EBE65F28844E4A006D0EF8 /* libopencv_bgsegm.4.5.5.dylib */; };
		04EBE69828844E4B006D0EF8 /* libopencv_dpm.4.5.5.dylib in Frameworks */ = {isa = PBXBuildFile; fileRef = 04EBE66028844E4A006D0EF8 /* libopencv_dpm.4.5.5.dylib */; };
		04EBE69928844E4B006D0EF8 /* libopencv_xobjdetect.4.5.5.dylib in Frameworks */ = {isa = PBXBuildFile; fileRef = 04EBE66128844E4A006D0EF8 /* libopencv_xobjdetect.4.5.5.dylib */; };
		04EBE69A28844E4B006D0EF8 /* libopencv_rapid.4.5.5.dylib in Frameworks */ = {isa = PBXBuildFile; fileRef = 04EBE66228844E4A006D0EF8 /* libopencv_rapid.4.5.5.dylib */; };
		04EBE69B28844E4B006D0EF8 /* libopencv_datasets.4.5.5.dylib in Frameworks */ = {isa = PBXBuildFile; fileRef = 04EBE66328844E4A006D0EF8 /* libopencv_datasets.4.5.5.dylib */; };
		04EBE69C28844E4B006D0EF8 /* libopencv_barcode.4.5.5.dylib in Frameworks */ = {isa = PBXBuildFile; fileRef = 04EBE66428844E4A006D0EF8 /* libopencv_barcode.4.5.5.dylib */; };
		04EBE69D28844E4B006D0EF8 /* libopencv_gapi.4.5.5.dylib in Frameworks */ = {isa = PBXBuildFile; fileRef = 04EBE66528844E4A006D0EF8 /* libopencv_gapi.4.5.5.dylib */; };
		04EBE69E28844E4B006D0EF8 /* libopencv_imgproc.4.5.5.dylib in Frameworks */ = {isa = PBXBuildFile; fileRef = 04EBE66628844E4A006D0EF8 /* libopencv_imgproc.4.5.5.dylib */; };
		04EBE69F28844E4B006D0EF8 /* libopencv_stereo.4.5.5.dylib in Frameworks */ = {isa = PBXBuildFile; fileRef = 04EBE66728844E4A006D0EF8 /* libopencv_stereo.4.5.5.dylib */; };
		04EBE6A028844E4B006D0EF8 /* libopencv_mcc.4.5.5.dylib in Frameworks */ = {isa = PBXBuildFile; fileRef = 04EBE66828844E4A006D0EF8 /* libopencv_mcc.4.5.5.dylib */; };
		04EBE6A128844E4B006D0EF8 /* libopencv_surface_matching.4.5.5.dylib in Frameworks */ = {isa = PBXBuildFile; fileRef = 04EBE66928844E4A006D0EF8 /* libopencv_surface_matching.4.5.5.dylib */; };
		04EBE6A228844E4B006D0EF8 /* libopencv_objdetect.4.5.5.dylib in Frameworks */ = {isa = PBXBuildFile; fileRef = 04EBE66A28844E4A006D0EF8 /* libopencv_objdetect.4.5.5.dylib */; };
		04EBE6A328844E4B006D0EF8 /* libopencv_text.4.5.5.dylib in Frameworks */ = {isa = PBXBuildFile; fileRef = 04EBE66B28844E4A006D0EF8 /* libopencv_text.4.5.5.dylib */; };
		04EBE6A428844E4B006D0EF8 /* libopencv_video.4.5.5.dylib in Frameworks */ = {isa = PBXBuildFile; fileRef = 04EBE66C28844E4A006D0EF8 /* libopencv_video.4.5.5.dylib */; };
		04EBE6A528844E4B006D0EF8 /* libopencv_line_descriptor.4.5.5.dylib in Frameworks */ = {isa = PBXBuildFile; fileRef = 04EBE66D28844E4A006D0EF8 /* libopencv_line_descriptor.4.5.5.dylib */; };
		04EBE6A628844E4B006D0EF8 /* libopencv_photo.4.5.5.dylib in Frameworks */ = {isa = PBXBuildFile; fileRef = 04EBE66E28844E4A006D0EF8 /* libopencv_photo.4.5.5.dylib */; };
		04EBE6A728844E4B006D0EF8 /* libopencv_bioinspired.4.5.5.dylib in Frameworks */ = {isa = PBXBuildFile; fileRef = 04EBE66F28844E4A006D0EF8 /* libopencv_bioinspired.4.5.5.dylib */; };
		04EBE6A828844E4B006D0EF8 /* libopencv_xfeatures2d.4.5.5.dylib in Frameworks */ = {isa = PBXBuildFile; fileRef = 04EBE67028844E4A006D0EF8 /* libopencv_xfeatures2d.4.5.5.dylib */; };
		04EBE6A928844E4B006D0EF8 /* libopencv_rgbd.4.5.5.dylib in Frameworks */ = {isa = PBXBuildFile; fileRef = 04EBE67128844E4A006D0EF8 /* libopencv_rgbd.4.5.5.dylib */; };
		04EBE6AA28844E4B006D0EF8 /* libopencv_quality.4.5.5.dylib in Frameworks */ = {isa = PBXBuildFile; fileRef = 04EBE67228844E4A006D0EF8 /* libopencv_quality.4.5.5.dylib */; };
		04EBE6AB28844E4C006D0EF8 /* libopencv_imgcodecs.4.5.5.dylib in Frameworks */ = {isa = PBXBuildFile; fileRef = 04EBE67328844E4A006D0EF8 /* libopencv_imgcodecs.4.5.5.dylib */; };
		04EBE6AC28844E4C006D0EF8 /* libopencv_plot.4.5.5.dylib in Frameworks */ = {isa = PBXBuildFile; fileRef = 04EBE67428844E4A006D0EF8 /* libopencv_plot.4.5.5.dylib */; };
		04EBE6AD28844E4C006D0EF8 /* libopencv_wechat_qrcode.4.5.5.dylib in Frameworks */ = {isa = PBXBuildFile; fileRef = 04EBE67528844E4A006D0EF8 /* libopencv_wechat_qrcode.4.5.5.dylib */; };
		04EBE6AE28844E4C006D0EF8 /* libopencv_stitching.4.5.5.dylib in Frameworks */ = {isa = PBXBuildFile; fileRef = 04EBE67628844E4A006D0EF8 /* libopencv_stitching.4.5.5.dylib */; };
		04EBE6AF28844E4C006D0EF8 /* libopencv_xphoto.4.5.5.dylib in Frameworks */ = {isa = PBXBuildFile; fileRef = 04EBE67728844E4A006D0EF8 /* libopencv_xphoto.4.5.5.dylib */; };
		04EBE6B028844E4C006D0EF8 /* libopencv_videostab.4.5.5.dylib in Frameworks */ = {isa = PBXBuildFile; fileRef = 04EBE67828844E4B006D0EF8 /* libopencv_videostab.4.5.5.dylib */; };
		04EBE6B128844E4C006D0EF8 /* libopencv_viz.4.5.5.dylib in Frameworks */ = {isa = PBXBuildFile; fileRef = 04EBE67928844E4B006D0EF8 /* libopencv_viz.4.5.5.dylib */; };
		04EBE6B228844E4C006D0EF8 /* libopencv_shape.4.5.5.dylib in Frameworks */ = {isa = PBXBuildFile; fileRef = 04EBE67A28844E4B006D0EF8 /* libopencv_shape.4.5.5.dylib */; };
		04EBE6B328844E4C006D0EF8 /* libopencv_intensity_transform.4.5.5.dylib in Frameworks */ = {isa = PBXBuildFile; fileRef = 04EBE67B28844E4B006D0EF8 /* libopencv_intensity_transform.4.5.5.dylib */; };
		04EBE6B428844E4C006D0EF8 /* libopencv_dnn_superres.4.5.5.dylib in Frameworks */ = {isa = PBXBuildFile; fileRef = 04EBE67C28844E4B006D0EF8 /* libopencv_dnn_superres.4.5.5.dylib */; };
		04EBE6B528844E4C006D0EF8 /* libopencv_hfs.4.5.5.dylib in Frameworks */ = {isa = PBXBuildFile; fileRef = 04EBE67D28844E4B006D0EF8 /* libopencv_hfs.4.5.5.dylib */; };
		04EBE6B628844E4C006D0EF8 /* libopencv_videoio.4.5.5.dylib in Frameworks */ = {isa = PBXBuildFile; fileRef = 04EBE67E28844E4B006D0EF8 /* libopencv_videoio.4.5.5.dylib */; };
		04EBE6B728844E4C006D0EF8 /* libopencv_optflow.4.5.5.dylib in Frameworks */ = {isa = PBXBuildFile; fileRef = 04EBE67F28844E4B006D0EF8 /* libopencv_optflow.4.5.5.dylib */; };
		04EBE6B828844E4C006D0EF8 /* libopencv_aruco.4.5.5.dylib in Frameworks */ = {isa = PBXBuildFile; fileRef = 04EBE68028844E4B006D0EF8 /* libopencv_aruco.4.5.5.dylib */; };
		04EBE6B928844E4C006D0EF8 /* libopencv_tracking.4.5.5.dylib in Frameworks */ = {isa = PBXBuildFile; fileRef = 04EBE68128844E4B006D0EF8 /* libopencv_tracking.4.5.5.dylib */; };
		04EBE6BA28844E4C006D0EF8 /* libopencv_highgui.4.5.5.dylib in Frameworks */ = {isa = PBXBuildFile; fileRef = 04EBE68228844E4B006D0EF8 /* libopencv_highgui.4.5.5.dylib */; };
		04EBE6BB28844E4C006D0EF8 /* libopencv_calib3d.4.5.5.dylib in Frameworks */ = {isa = PBXBuildFile; fileRef = 04EBE68328844E4B006D0EF8 /* libopencv_calib3d.4.5.5.dylib */; };
/* End PBXBuildFile section */

/* Begin PBXCopyFilesBuildPhase section */
		0424549F28844B6600FB3052 /* CopyFiles */ = {
			isa = PBXCopyFilesBuildPhase;
			buildActionMask = 2147483647;
			dstPath = /usr/share/man/man1/;
			dstSubfolderSpec = 0;
			files = (
			);
			runOnlyForDeploymentPostprocessing = 1;
		};
/* End PBXCopyFilesBuildPhase section */

/* Begin PBXFileReference section */
		042454A128844B6600FB3052 /* lanedetection */ = {isa = PBXFileReference; explicitFileType = "compiled.mach-o.executable"; includeInIndex = 0; path = lanedetection; sourceTree = BUILT_PRODUCTS_DIR; };
		04EBE64A28844C0D006D0EF8 /* NCKH-code_LaneDetect-Only.cpp */ = {isa = PBXFileReference; fileEncoding = 4; lastKnownFileType = sourcecode.cpp.cpp; name = "NCKH-code_LaneDetect-Only.cpp"; path = "../../NCKH-code_LaneDetect-Only.cpp"; sourceTree = "<group>"; };
		04EBE64C28844E49006D0EF8 /* libopencv_reg.4.5.5.dylib */ = {isa = PBXFileReference; lastKnownFileType = "compiled.mach-o.dylib"; name = libopencv_reg.4.5.5.dylib; path = ../../../../../../../../usr/local/Cellar/opencv/4.5.5_3/lib/libopencv_reg.4.5.5.dylib; sourceTree = "<group>"; };
		04EBE64D28844E49006D0EF8 /* libopencv_core.4.5.5.dylib */ = {isa = PBXFileReference; lastKnownFileType = "compiled.mach-o.dylib"; name = libopencv_core.4.5.5.dylib; path = ../../../../../../../../usr/local/Cellar/opencv/4.5.5_3/lib/libopencv_core.4.5.5.dylib; sourceTree = "<group>"; };
		04EBE64E28844E49006D0EF8 /* libopencv_features2d.4.5.5.dylib */ = {isa = PBXFileReference; lastKnownFileType = "compiled.mach-o.dylib"; name = libopencv_features2d.4.5.5.dylib; path = ../../../../../../../../usr/local/Cellar/opencv/4.5.5_3/lib/libopencv_features2d.4.5.5.dylib; sourceTree = "<group>"; };
		04EBE64F28844E49006D0EF8 /* libopencv_alphamat.4.5.5.dylib */ = {isa = PBXFileReference; lastKnownFileType = "compiled.mach-o.dylib"; name = libopencv_alphamat.4.5.5.dylib; path = ../../../../../../../../usr/local/Cellar/opencv/4.5.5_3/lib/libopencv_alphamat.4.5.5.dylib; sourceTree = "<group>"; };
		04EBE65028844E4A006D0EF8 /* libopencv_flann.4.5.5.dylib */ = {isa = PBXFileReference; lastKnownFileType = "compiled.mach-o.dylib"; name = libopencv_flann.4.5.5.dylib; path = ../../../../../../../../usr/local/Cellar/opencv/4.5.5_3/lib/libopencv_flann.4.5.5.dylib; sourceTree = "<group>"; };
		04EBE65128844E4A006D0EF8 /* libopencv_structured_light.4.5.5.dylib */ = {isa = PBXFileReference; lastKnownFileType = "compiled.mach-o.dylib"; name = libopencv_structured_light.4.5.5.dylib; path = ../../../../../../../../usr/local/Cellar/opencv/4.5.5_3/lib/libopencv_structured_light.4.5.5.dylib; sourceTree = "<group>"; };
		04EBE65228844E4A006D0EF8 /* libopencv_freetype.4.5.5.dylib */ = {isa = PBXFileReference; lastKnownFileType = "compiled.mach-o.dylib"; name = libopencv_freetype.4.5.5.dylib; path = ../../../../../../../../usr/local/Cellar/opencv/4.5.5_3/lib/libopencv_freetype.4.5.5.dylib; sourceTree = "<group>"; };
		04EBE65328844E4A006D0EF8 /* libopencv_sfm.4.5.5.dylib */ = {isa = PBXFileReference; lastKnownFileType = "compiled.mach-o.dylib"; name = libopencv_sfm.4.5.5.dylib; path = ../../../../../../../../usr/local/Cellar/opencv/4.5.5_3/lib/libopencv_sfm.4.5.5.dylib; sourceTree = "<group>"; };
		04EBE65428844E4A006D0EF8 /* libopencv_img_hash.4.5.5.dylib */ = {isa = PBXFileReference; lastKnownFileType = "compiled.mach-o.dylib"; name = libopencv_img_hash.4.5.5.dylib; path = ../../../../../../../../usr/local/Cellar/opencv/4.5.5_3/lib/libopencv_img_hash.4.5.5.dylib; sourceTree = "<group>"; };
		04EBE65528844E4A006D0EF8 /* libopencv_dnn.4.5.5.dylib */ = {isa = PBXFileReference; lastKnownFileType = "compiled.mach-o.dylib"; name = libopencv_dnn.4.5.5.dylib; path = ../../../../../../../../usr/local/Cellar/opencv/4.5.5_3/lib/libopencv_dnn.4.5.5.dylib; sourceTree = "<group>"; };
		04EBE65628844E4A006D0EF8 /* libopencv_superres.4.5.5.dylib */ = {isa = PBXFileReference; lastKnownFileType = "compiled.mach-o.dylib"; name = libopencv_superres.4.5.5.dylib; path = ../../../../../../../../usr/local/Cellar/opencv/4.5.5_3/lib/libopencv_superres.4.5.5.dylib; sourceTree = "<group>"; };
		04EBE65728844E4A006D0EF8 /* libopencv_phase_unwrapping.4.5.5.dylib */ = {isa = PBXFileReference; lastKnownFileType = "compiled.mach-o.dylib"; name = libopencv_phase_unwrapping.4.5.5.dylib; path = ../../../../../../../../usr/local/Cellar/opencv/4.5.5_3/lib/libopencv_phase_unwrapping.4.5.5.dylib; sourceTree = "<group>"; };
		04EBE65828844E4A006D0EF8 /* libopencv_ximgproc.4.5.5.dylib */ = {isa = PBXFileReference; lastKnownFileType = "compiled.mach-o.dylib"; name = libopencv_ximgproc.4.5.5.dylib; path = ../../../../../../../../usr/local/Cellar/opencv/4.5.5_3/lib/libopencv_ximgproc.4.5.5.dylib; sourceTree = "<group>"; };
		04EBE65928844E4A006D0EF8 /* libopencv_face.4.5.5.dylib */ = {isa = PBXFileReference; lastKnownFileType = "compiled.mach-o.dylib"; name = libopencv_face.4.5.5.dylib; path = ../../../../../../../../usr/local/Cellar/opencv/4.5.5_3/lib/libopencv_face.4.5.5.dylib; sourceTree = "<group>"; };
		04EBE65A28844E4A006D0EF8 /* libopencv_saliency.4.5.5.dylib */ = {isa = PBXFileReference; lastKnownFileType = "compiled.mach-o.dylib"; name = libopencv_saliency.4.5.5.dylib; path = ../../../../../../../../usr/local/Cellar/opencv/4.5.5_3/lib/libopencv_saliency.4.5.5.dylib; sourceTree = "<group>"; };
		04EBE65B28844E4A006D0EF8 /* libopencv_dnn_objdetect.4.5.5.dylib */ = {isa = PBXFileReference; lastKnownFileType = "compiled.mach-o.dylib"; name = libopencv_dnn_objdetect.4.5.5.dylib; path = ../../../../../../../../usr/local/Cellar/opencv/4.5.5_3/lib/libopencv_dnn_objdetect.4.5.5.dylib; sourceTree = "<group>"; };
		04EBE65C28844E4A006D0EF8 /* libopencv_ml.4.5.5.dylib */ = {isa = PBXFileReference; lastKnownFileType = "compiled.mach-o.dylib"; name = libopencv_ml.4.5.5.dylib; path = ../../../../../../../../usr/local/Cellar/opencv/4.5.5_3/lib/libopencv_ml.4.5.5.dylib; sourceTree = "<group>"; };
		04EBE65D28844E4A006D0EF8 /* libopencv_fuzzy.4.5.5.dylib */ = {isa = PBXFileReference; lastKnownFileType = "compiled.mach-o.dylib"; name = libopencv_fuzzy.4.5.5.dylib; path = ../../../../../../../../usr/local/Cellar/opencv/4.5.5_3/lib/libopencv_fuzzy.4.5.5.dylib; sourceTree = "<group>"; };
		04EBE65E28844E4A006D0EF8 /* libopencv_ccalib.4.5.5.dylib */ = {isa = PBXFileReference; lastKnownFileType = "compiled.mach-o.dylib"; name = libopencv_ccalib.4.5.5.dylib; path = ../../../../../../../../usr/local/Cellar/opencv/4.5.5_3/lib/libopencv_ccalib.4.5.5.dylib; sourceTree = "<group>"; };
		04EBE65F28844E4A006D0EF8 /* libopencv_bgsegm.4.5.5.dylib */ = {isa = PBXFileReference; lastKnownFileType = "compiled.mach-o.dylib"; name = libopencv_bgsegm.4.5.5.dylib; path = ../../../../../../../../usr/local/Cellar/opencv/4.5.5_3/lib/libopencv_bgsegm.4.5.5.dylib; sourceTree = "<group>"; };
		04EBE66028844E4A006D0EF8 /* libopencv_dpm.4.5.5.dylib */ = {isa = PBXFileReference; lastKnownFileType = "compiled.mach-o.dylib"; name = libopencv_dpm.4.5.5.dylib; path = ../../../../../../../../usr/local/Cellar/opencv/4.5.5_3/lib/libopencv_dpm.4.5.5.dylib; sourceTree = "<group>"; };
		04EBE66128844E4A006D0EF8 /* libopencv_xobjdetect.4.5.5.dylib */ = {isa = PBXFileReference; lastKnownFileType = "compiled.mach-o.dylib"; name = libopencv_xobjdetect.4.5.5.dylib; path = ../../../../../../../../usr/local/Cellar/opencv/4.5.5_3/lib/libopencv_xobjdetect.4.5.5.dylib; sourceTree = "<group>"; };
		04EBE66228844E4A006D0EF8 /* libopencv_rapid.4.5.5.dylib */ = {isa = PBXFileReference; lastKnownFileType = "compiled.mach-o.dylib"; name = libopencv_rapid.4.5.5.dylib; path = ../../../../../../../../usr/local/Cellar/opencv/4.5.5_3/lib/libopencv_rapid.4.5.5.dylib; sourceTree = "<group>"; };
		04EBE66328844E4A006D0EF8 /* libopencv_datasets.4.5.5.dylib */ = {isa = PBXFileReference; lastKnownFileType = "compiled.mach-o.dylib"; name = libopencv_datasets.4.5.5.dylib; path = ../../../../../../../../usr/local/Cellar/opencv/4.5.5_3/lib/libopencv_datasets.4.5.5.dylib; sourceTree = "<group>"; };
		04EBE66428844E4A006D0EF8 /* libopencv_barcode.4.5.5.dylib */ = {isa = PBXFileReference; lastKnownFileType = "compiled.mach-o.dylib"; name = libopencv_barcode.4.5.5.dylib; path = ../../../../../../../../usr/local/Cellar/opencv/4.5.5_3/lib/libopencv_barcode.4.5.5.dylib; sourceTree = "<group>"; };
		04EBE66528844E4A006D0EF8 /* libopencv_gapi.4.5.5.dylib */ = {isa = PBXFileReference; lastKnownFileType = "compiled.mach-o.dylib"; name = libopencv_gapi.4.5.5.dylib; path = ../../../../../../../../usr/local/Cellar/opencv/4.5.5_3/lib/libopencv_gapi.4.5.5.dylib; sourceTree = "<group>"; };
		04EBE66628844E4A006D0EF8 /* libopencv_imgproc.4.5.5.dylib */ = {isa = PBXFileReference; lastKnownFileType = "compiled.mach-o.dylib"; name = libopencv_imgproc.4.5.5.dylib; path = ../../../../../../../../usr/local/Cellar/opencv/4.5.5_3/lib/libopencv_imgproc.4.5.5.dylib; sourceTree = "<group>"; };
		04EBE66728844E4A006D0EF8 /* libopencv_stereo.4.5.5.dylib */ = {isa = PBXFileReference; lastKnownFileType = "compiled.mach-o.dylib"; name = libopencv_stereo.4.5.5.dylib; path = ../../../../../../../../usr/local/Cellar/opencv/4.5.5_3/lib/libopencv_stereo.4.5.5.dylib; sourceTree = "<group>"; };
		04EBE66828844E4A006D0EF8 /* libopencv_mcc.4.5.5.dylib */ = {isa = PBXFileReference; lastKnownFileType = "compiled.mach-o.dylib"; name = libopencv_mcc.4.5.5.dylib; path = ../../../../../../../../usr/local/Cellar/opencv/4.5.5_3/lib/libopencv_mcc.4.5.5.dylib; sourceTree = "<group>"; };
		04EBE66928844E4A006D0EF8 /* libopencv_surface_matching.4.5.5.dylib */ = {isa = PBXFileReference; lastKnownFileType = "compiled.mach-o.dylib"; name = libopencv_surface_matching.4.5.5.dylib; path = ../../../../../../../../usr/local/Cellar/opencv/4.5.5_3/lib/libopencv_surface_matching.4.5.5.dylib; sourceTree = "<group>"; };
		04EBE66A28844E4A006D0EF8 /* libopencv_objdetect.4.5.5.dylib */ = {isa = PBXFileReference; lastKnownFileType = "compiled.mach-o.dylib"; name = libopencv_objdetect.4.5.5.dylib; path = ../../../../../../../../usr/local/Cellar/opencv/4.5.5_3/lib/libopencv_objdetect.4.5.5.dylib; sourceTree = "<group>"; };
		04EBE66B28844E4A006D0EF8 /* libopencv_text.4.5.5.dylib */ = {isa = PBXFileReference; lastKnownFileType = "compiled.mach-o.dylib"; name = libopencv_text.4.5.5.dylib; path = ../../../../../../../../usr/local/Cellar/opencv/4.5.5_3/lib/libopencv_text.4.5.5.dylib; sourceTree = "<group>"; };
		04EBE66C28844E4A006D0EF8 /* libopencv_video.4.5.5.dylib */ = {isa = PBXFileReference; lastKnownFileType = "compiled.mach-o.dylib"; name = libopencv_video.4.5.5.dylib; path = ../../../../../../../../usr/local/Cellar/opencv/4.5.5_3/lib/libopencv_video.4.5.5.dylib; sourceTree = "<group>"; };
		04EBE66D28844E4A006D0EF8 /* libopencv_line_descriptor.4.5.5.dylib */ = {isa = PBXFileReference; lastKnownFileType = "compiled.mach-o.dylib"; name = libopencv_line_descriptor.4.5.5.dylib; path = ../../../../../../../../usr/local/Cellar/opencv/4.5.5_3/lib/libopencv_line_descriptor.4.5.5.dylib; sourceTree = "<group>"; };
		04EBE66E28844E4A006D0EF8 /* libopencv_photo.4.5.5.dylib */ = {isa = PBXFileReference; lastKnownFileType = "compiled.mach-o.dylib"; name = libopencv_photo.4.5.5.dylib; path = ../../../../../../../../usr/local/Cellar/opencv/4.5.5_3/lib/libopencv_photo.4.5.5.dylib; sourceTree = "<group>"; };
		04EBE66F28844E4A006D0EF8 /* libopencv_bioinspired.4.5.5.dylib */ = {isa = PBXFileReference; lastKnownFileType = "compiled.mach-o.dylib"; name = libopencv_bioinspired.4.5.5.dylib; path = ../../../../../../../../usr/local/Cellar/opencv/4.5.5_3/lib/libopencv_bioinspired.4.5.5.dylib; sourceTree = "<group>"; };
		04EBE67028844E4A006D0EF8 /* libopencv_xfeatures2d.4.5.5.dylib */ = {isa = PBXFileReference; lastKnownFileType = "compiled.mach-o.dylib"; name = libopencv_xfeatures2d.4.5.5.dylib; path = ../../../../../../../../usr/local/Cellar/opencv/4.5.5_3/lib/libopencv_xfeatures2d.4.5.5.dylib; sourceTree = "<group>"; };
		04EBE67128844E4A006D0EF8 /* libopencv_rgbd.4.5.5.dylib */ = {isa = PBXFileReference; lastKnownFileType = "compiled.mach-o.dylib"; name = libopencv_rgbd.4.5.5.dylib; path = ../../../../../../../../usr/local/Cellar/opencv/4.5.5_3/lib/libopencv_rgbd.4.5.5.dylib; sourceTree = "<group>"; };
		04EBE67228844E4A006D0EF8 /* libopencv_quality.4.5.5.dylib */ = {isa = PBXFileReference; lastKnownFileType = "compiled.mach-o.dylib"; name = libopencv_quality.4.5.5.dylib; path = ../../../../../../../../usr/local/Cellar/opencv/4.5.5_3/lib/libopencv_quality.4.5.5.dylib; sourceTree = "<group>"; };
		04EBE67328844E4A006D0EF8 /* libopencv_imgcodecs.4.5.5.dylib */ = {isa = PBXFileReference; lastKnownFileType = "compiled.mach-o.dylib"; name = libopencv_imgcodecs.4.5.5.dylib; path = ../../../../../../../../usr/local/Cellar/opencv/4.5.5_3/lib/libopencv_imgcodecs.4.5.5.dylib; sourceTree = "<group>"; };
		04EBE67428844E4A006D0EF8 /* libopencv_plot.4.5.5.dylib */ = {isa = PBXFileReference; lastKnownFileType = "compiled.mach-o.dylib"; name = libopencv_plot.4.5.5.dylib; path = ../../../../../../../../usr/local/Cellar/opencv/4.5.5_3/lib/libopencv_plot.4.5.5.dylib; sourceTree = "<group>"; };
		04EBE67528844E4A006D0EF8 /* libopencv_wechat_qrcode.4.5.5.dylib */ = {isa = PBXFileReference; lastKnownFileType = "compiled.mach-o.dylib"; name = libopencv_wechat_qrcode.4.5.5.dylib; path = ../../../../../../../../usr/local/Cellar/opencv/4.5.5_3/lib/libopencv_wechat_qrcode.4.5.5.dylib; sourceTree = "<group>"; };
		04EBE67628844E4A006D0EF8 /* libopencv_stitching.4.5.5.dylib */ = {isa = PBXFileReference; lastKnownFileType = "compiled.mach-o.dylib"; name = libopencv_stitching.4.5.5.dylib; path = ../../../../../../../../usr/local/Cellar/opencv/4.5.5_3/lib/libopencv_stitching.4.5.5.dylib; sourceTree = "<group>"; };
		04EBE67728844E4A006D0EF8 /* libopencv_xphoto.4.5.5.dylib */ = {isa = PBXFileReference; lastKnownFileType = "compiled.mach-o.dylib"; name = libopencv_xphoto.4.5.5.dylib; path = ../../../../../../../../usr/local/Cellar/opencv/4.5.5_3/lib/libopencv_xphoto.4.5.5.dylib; sourceTree = "<group>"; };
		04EBE67828844E4B006D0EF8 /* libopencv_videostab.4.5.5.dylib */ = {isa = PBXFileReference; lastKnownFileType = "compiled.mach-o.dylib"; name = libopencv_videostab.4.5.5.dylib; path = ../../../../../../../../usr/local/Cellar/opencv/4.5.5_3/lib/libopencv_videostab.4.5.5.dylib; sourceTree = "<group>"; };
		04EBE67928844E4B006D0EF8 /* libopencv_viz.4.5.5.dylib */ = {isa = PBXFileReference; lastKnownFileType = "compiled.mach-o.dylib"; name = libopencv_viz.4.5.5.dylib; path = ../../../../../../../../usr/local/Cellar/opencv/4.5.5_3/lib/libopencv_viz.4.5.5.dylib; sourceTree = "<group>"; };
		04EBE67A28844E4B006D0EF8 /* libopencv_shape.4.5.5.dylib */ = {isa = PBXFileReference; lastKnownFileType = "compiled.mach-o.dylib"; name = libopencv_shape.4.5.5.dylib; path = ../../../../../../../../usr/local/Cellar/opencv/4.5.5_3/lib/libopencv_shape.4.5.5.dylib; sourceTree = "<group>"; };
		04EBE67B28844E4B006D0EF8 /* libopencv_intensity_transform.4.5.5.dylib */ = {isa = PBXFileReference; lastKnownFileType = "compiled.mach-o.dylib"; name = libopencv_intensity_transform.4.5.5.dylib; path = ../../../../../../../../usr/local/Cellar/opencv/4.5.5_3/lib/libopencv_intensity_transform.4.5.5.dylib; sourceTree = "<group>"; };
		04EBE67C28844E4B006D0EF8 /* libopencv_dnn_superres.4.5.5.dylib */ = {isa = PBXFileReference; lastKnownFileType = "compiled.mach-o.dylib"; name = libopencv_dnn_superres.4.5.5.dylib; path = ../../../../../../../../usr/local/Cellar/opencv/4.5.5_3/lib/libopencv_dnn_superres.4.5.5.dylib; sourceTree = "<group>"; };
		04EBE67D28844E4B006D0EF8 /* libopencv_hfs.4.5.5.dylib */ = {isa = PBXFileReference; lastKnownFileType = "compiled.mach-o.dylib"; name = libopencv_hfs.4.5.5.dylib; path = ../../../../../../../../usr/local/Cellar/opencv/4.5.5_3/lib/libopencv_hfs.4.5.5.dylib; sourceTree = "<group>"; };
		04EBE67E28844E4B006D0EF8 /* libopencv_videoio.4.5.5.dylib */ = {isa = PBXFileReference; lastKnownFileType = "compiled.mach-o.dylib"; name = libopencv_videoio.4.5.5.dylib; path = ../../../../../../../../usr/local/Cellar/opencv/4.5.5_3/lib/libopencv_videoio.4.5.5.dylib; sourceTree = "<group>"; };
		04EBE67F28844E4B006D0EF8 /* libopencv_optflow.4.5.5.dylib */ = {isa = PBXFileReference; lastKnownFileType = "compiled.mach-o.dylib"; name = libopencv_optflow.4.5.5.dylib; path = ../../../../../../../../usr/local/Cellar/opencv/4.5.5_3/lib/libopencv_optflow.4.5.5.dylib; sourceTree = "<group>"; };
		04EBE68028844E4B006D0EF8 /* libopencv_aruco.4.5.5.dylib */ = {isa = PBXFileReference; lastKnownFileType = "compiled.mach-o.dylib"; name = libopencv_aruco.4.5.5.dylib; path = ../../../../../../../../usr/local/Cellar/opencv/4.5.5_3/lib/libopencv_aruco.4.5.5.dylib; sourceTree = "<group>"; };
		04EBE68128844E4B006D0EF8 /* libopencv_tracking.4.5.5.dylib */ = {isa = PBXFileReference; lastKnownFileType = "compiled.mach-o.dylib"; name = libopencv_tracking.4.5.5.dylib; path = ../../../../../../../../usr/local/Cellar/opencv/4.5.5_3/lib/libopencv_tracking.4.5.5.dylib; sourceTree = "<group>"; };
		04EBE68228844E4B006D0EF8 /* libopencv_highgui.4.5.5.dylib */ = {isa = PBXFileReference; lastKnownFileType = "compiled.mach-o.dylib"; name = libopencv_highgui.4.5.5.dylib; path = ../../../../../../../../usr/local/Cellar/opencv/4.5.5_3/lib/libopencv_highgui.4.5.5.dylib; sourceTree = "<group>"; };
		04EBE68328844E4B006D0EF8 /* libopencv_calib3d.4.5.5.dylib */ = {isa = PBXFileReference; lastKnownFileType = "compiled.mach-o.dylib"; name = libopencv_calib3d.4.5.5.dylib; path = ../../../../../../../../usr/local/Cellar/opencv/4.5.5_3/lib/libopencv_calib3d.4.5.5.dylib; sourceTree = "<group>"; };
/* End PBXFileReference section */

/* Begin PBXFrameworksBuildPhase section */
		0424549E28844B6600FB3052 /* Frameworks */ = {
			isa = PBXFrameworksBuildPhase;
			buildActionMask = 2147483647;
			files = (
				04EBE6A928844E4B006D0EF8 /* libopencv_rgbd.4.5.5.dylib in Frameworks */,
				04EBE6A228844E4B006D0EF8 /* libopencv_objdetect.4.5.5.dylib in Frameworks */,
				04EBE6B428844E4C006D0EF8 /* libopencv_dnn_superres.4.5.5.dylib in Frameworks */,
				04EBE69D28844E4B006D0EF8 /* libopencv_gapi.4.5.5.dylib in Frameworks */,
				04EBE6B128844E4C006D0EF8 /* libopencv_viz.4.5.5.dylib in Frameworks */,
				04EBE69F28844E4B006D0EF8 /* libopencv_stereo.4.5.5.dylib in Frameworks */,
				04EBE68F28844E4B006D0EF8 /* libopencv_phase_unwrapping.4.5.5.dylib in Frameworks */,
				04EBE6A428844E4B006D0EF8 /* libopencv_video.4.5.5.dylib in Frameworks */,
				04EBE69E28844E4B006D0EF8 /* libopencv_imgproc.4.5.5.dylib in Frameworks */,
				04EBE68E28844E4B006D0EF8 /* libopencv_superres.4.5.5.dylib in Frameworks */,
				04EBE68628844E4B006D0EF8 /* libopencv_features2d.4.5.5.dylib in Frameworks */,
				04EBE6AF28844E4C006D0EF8 /* libopencv_xphoto.4.5.5.dylib in Frameworks */,
				04EBE69A28844E4B006D0EF8 /* libopencv_rapid.4.5.5.dylib in Frameworks */,
				04EBE6BA28844E4C006D0EF8 /* libopencv_highgui.4.5.5.dylib in Frameworks */,
				04EBE6AC28844E4C006D0EF8 /* libopencv_plot.4.5.5.dylib in Frameworks */,
				04EBE6B928844E4C006D0EF8 /* libopencv_tracking.4.5.5.dylib in Frameworks */,
				04EBE69028844E4B006D0EF8 /* libopencv_ximgproc.4.5.5.dylib in Frameworks */,
				04EBE6A628844E4B006D0EF8 /* libopencv_photo.4.5.5.dylib in Frameworks */,
				04EBE6A528844E4B006D0EF8 /* libopencv_line_descriptor.4.5.5.dylib in Frameworks */,
				04EBE6A728844E4B006D0EF8 /* libopencv_bioinspired.4.5.5.dylib in Frameworks */,
				04EBE69728844E4B006D0EF8 /* libopencv_bgsegm.4.5.5.dylib in Frameworks */,
				04EBE6B528844E4C006D0EF8 /* libopencv_hfs.4.5.5.dylib in Frameworks */,
				04EBE6B228844E4C006D0EF8 /* libopencv_shape.4.5.5.dylib in Frameworks */,
				04EBE6A328844E4B006D0EF8 /* libopencv_text.4.5.5.dylib in Frameworks */,
				04EBE68A28844E4B006D0EF8 /* libopencv_freetype.4.5.5.dylib in Frameworks */,
				04EBE6B628844E4C006D0EF8 /* libopencv_videoio.4.5.5.dylib in Frameworks */,
				04EBE6A028844E4B006D0EF8 /* libopencv_mcc.4.5.5.dylib in Frameworks */,
				04EBE68B28844E4B006D0EF8 /* libopencv_sfm.4.5.5.dylib in Frameworks */,
				04EBE69628844E4B006D0EF8 /* libopencv_ccalib.4.5.5.dylib in Frameworks */,
				04EBE6B828844E4C006D0EF8 /* libopencv_aruco.4.5.5.dylib in Frameworks */,
				04EBE69228844E4B006D0EF8 /* libopencv_saliency.4.5.5.dylib in Frameworks */,
				04EBE69828844E4B006D0EF8 /* libopencv_dpm.4.5.5.dylib in Frameworks */,
				04EBE6AD28844E4C006D0EF8 /* libopencv_wechat_qrcode.4.5.5.dylib in Frameworks */,
				04EBE69428844E4B006D0EF8 /* libopencv_ml.4.5.5.dylib in Frameworks */,
				04EBE6BB28844E4C006D0EF8 /* libopencv_calib3d.4.5.5.dylib in Frameworks */,
				04EBE6A828844E4B006D0EF8 /* libopencv_xfeatures2d.4.5.5.dylib in Frameworks */,
				04EBE6AE28844E4C006D0EF8 /* libopencv_stitching.4.5.5.dylib in Frameworks */,
				04EBE69528844E4B006D0EF8 /* libopencv_fuzzy.4.5.5.dylib in Frameworks */,
				04EBE6B028844E4C006D0EF8 /* libopencv_videostab.4.5.5.dylib in Frameworks */,
				04EBE69928844E4B006D0EF8 /* libopencv_xobjdetect.4.5.5.dylib in Frameworks */,
				04EBE68C28844E4B006D0EF8 /* libopencv_img_hash.4.5.5.dylib in Frameworks */,
				04EBE68728844E4B006D0EF8 /* libopencv_alphamat.4.5.5.dylib in Frameworks */,
				04EBE69328844E4B006D0EF8 /* libopencv_dnn_objdetect.4.5.5.dylib in Frameworks */,
				04EBE69128844E4B006D0EF8 /* libopencv_face.4.5.5.dylib in Frameworks */,
				04EBE6A128844E4B006D0EF8 /* libopencv_surface_matching.4.5.5.dylib in Frameworks */,
				04EBE6B328844E4C006D0EF8 /* libopencv_intensity_transform.4.5.5.dylib in Frameworks */,
				04EBE69B28844E4B006D0EF8 /* libopencv_datasets.4.5.5.dylib in Frameworks */,
				04EBE6B728844E4C006D0EF8 /* libopencv_optflow.4.5.5.dylib in Frameworks */,
				04EBE6AB28844E4C006D0EF8 /* libopencv_imgcodecs.4.5.5.dylib in Frameworks */,
				04EBE69C28844E4B006D0EF8 /* libopencv_barcode.4.5.5.dylib in Frameworks */,
				04EBE68528844E4B006D0EF8 /* libopencv_core.4.5.5.dylib in Frameworks */,
				04EBE68828844E4B006D0EF8 /* libopencv_flann.4.5.5.dylib in Frameworks */,
				04EBE68428844E4B006D0EF8 /* libopencv_reg.4.5.5.dylib in Frameworks */,
				04EBE68D28844E4B006D0EF8 /* libopencv_dnn.4.5.5.dylib in Frameworks */,
				04EBE68928844E4B006D0EF8 /* libopencv_structured_light.4.5.5.dylib in Frameworks */,
				04EBE6AA28844E4B006D0EF8 /* libopencv_quality.4.5.5.dylib in Frameworks */,
			);
			runOnlyForDeploymentPostprocessing = 0;
		};
/* End PBXFrameworksBuildPhase section */

/* Begin PBXGroup section */
		0424549828844B6600FB3052 = {
			isa = PBXGroup;
			children = (
				04EBE64F28844E49006D0EF8 /* libopencv_alphamat.4.5.5.dylib */,
				04EBE68028844E4B006D0EF8 /* libopencv_aruco.4.5.5.dylib */,
				04EBE66428844E4A006D0EF8 /* libopencv_barcode.4.5.5.dylib */,
				04EBE65F28844E4A006D0EF8 /* libopencv_bgsegm.4.5.5.dylib */,
				04EBE66F28844E4A006D0EF8 /* libopencv_bioinspired.4.5.5.dylib */,
				04EBE68328844E4B006D0EF8 /* libopencv_calib3d.4.5.5.dylib */,
				04EBE65E28844E4A006D0EF8 /* libopencv_ccalib.4.5.5.dylib */,
				04EBE64D28844E49006D0EF8 /* libopencv_core.4.5.5.dylib */,
				04EBE66328844E4A006D0EF8 /* libopencv_datasets.4.5.5.dylib */,
				04EBE65B28844E4A006D0EF8 /* libopencv_dnn_objdetect.4.5.5.dylib */,
				04EBE67C28844E4B006D0EF8 /* libopencv_dnn_superres.4.5.5.dylib */,
				04EBE65528844E4A006D0EF8 /* libopencv_dnn.4.5.5.dylib */,
				04EBE66028844E4A006D0EF8 /* libopencv_dpm.4.5.5.dylib */,
				04EBE65928844E4A006D0EF8 /* libopencv_face.4.5.5.dylib */,
				04EBE64E28844E49006D0EF8 /* libopencv_features2d.4.5.5.dylib */,
				04EBE65028844E4A006D0EF8 /* libopencv_flann.4.5.5.dylib */,
				04EBE65228844E4A006D0EF8 /* libopencv_freetype.4.5.5.dylib */,
				04EBE65D28844E4A006D0EF8 /* libopencv_fuzzy.4.5.5.dylib */,
				04EBE66528844E4A006D0EF8 /* libopencv_gapi.4.5.5.dylib */,
				04EBE67D28844E4B006D0EF8 /* libopencv_hfs.4.5.5.dylib */,
				04EBE68228844E4B006D0EF8 /* libopencv_highgui.4.5.5.dylib */,
				04EBE65428844E4A006D0EF8 /* libopencv_img_hash.4.5.5.dylib */,
				04EBE67328844E4A006D0EF8 /* libopencv_imgcodecs.4.5.5.dylib */,
				04EBE66628844E4A006D0EF8 /* libopencv_imgproc.4.5.5.dylib */,
				04EBE67B28844E4B006D0EF8 /* libopencv_intensity_transform.4.5.5.dylib */,
				04EBE66D28844E4A006D0EF8 /* libopencv_line_descriptor.4.5.5.dylib */,
				04EBE66828844E4A006D0EF8 /* libopencv_mcc.4.5.5.dylib */,
				04EBE65C28844E4A006D0EF8 /* libopencv_ml.4.5.5.dylib */,
				04EBE66A28844E4A006D0EF8 /* libopencv_objdetect.4.5.5.dylib */,
				04EBE67F28844E4B006D0EF8 /* libopencv_optflow.4.5.5.dylib */,
				04EBE65728844E4A006D0EF8 /* libopencv_phase_unwrapping.4.5.5.dylib */,
				04EBE66E28844E4A006D0EF8 /* libopencv_photo.4.5.5.dylib */,
				04EBE67428844E4A006D0EF8 /* libopencv_plot.4.5.5.dylib */,
				04EBE67228844E4A006D0EF8 /* libopencv_quality.4.5.5.dylib */,
				04EBE66228844E4A006D0EF8 /* libopencv_rapid.4.5.5.dylib */,
				04EBE64C28844E49006D0EF8 /* libopencv_reg.4.5.5.dylib */,
				04EBE67128844E4A006D0EF8 /* libopencv_rgbd.4.5.5.dylib */,
				04EBE65A28844E4A006D0EF8 /* libopencv_saliency.4.5.5.dylib */,
				04EBE65328844E4A006D0EF8 /* libopencv_sfm.4.5.5.dylib */,
				04EBE67A28844E4B006D0EF8 /* libopencv_shape.4.5.5.dylib */,
				04EBE66728844E4A006D0EF8 /* libopencv_stereo.4.5.5.dylib */,
				04EBE67628844E4A006D0EF8 /* libopencv_stitching.4.5.5.dylib */,
				04EBE65128844E4A006D0EF8 /* libopencv_structured_light.4.5.5.dylib */,
				04EBE65628844E4A006D0EF8 /* libopencv_superres.4.5.5.dylib */,
				04EBE66928844E4A006D0EF8 /* libopencv_surface_matching.4.5.5.dylib */,
				04EBE66B28844E4A006D0EF8 /* libopencv_text.4.5.5.dylib */,
				04EBE68128844E4B006D0EF8 /* libopencv_tracking.4.5.5.dylib */,
				04EBE66C28844E4A006D0EF8 /* libopencv_video.4.5.5.dylib */,
				04EBE67E28844E4B006D0EF8 /* libopencv_videoio.4.5.5.dylib */,
				04EBE67828844E4B006D0EF8 /* libopencv_videostab.4.5.5.dylib */,
				04EBE67928844E4B006D0EF8 /* libopencv_viz.4.5.5.dylib */,
				04EBE67528844E4A006D0EF8 /* libopencv_wechat_qrcode.4.5.5.dylib */,
				04EBE67028844E4A006D0EF8 /* libopencv_xfeatures2d.4.5.5.dylib */,
				04EBE65828844E4A006D0EF8 /* libopencv_ximgproc.4.5.5.dylib */,
				04EBE66128844E4A006D0EF8 /* libopencv_xobjdetect.4.5.5.dylib */,
				04EBE67728844E4A006D0EF8 /* libopencv_xphoto.4.5.5.dylib */,
				042454A328844B6600FB3052 /* lanedetection */,
				042454A228844B6600FB3052 /* Products */,
			);
			sourceTree = "<group>";
			usesTabs = 1;
		};
		042454A228844B6600FB3052 /* Products */ = {
			isa = PBXGroup;
			children = (
				042454A128844B6600FB3052 /* lanedetection */,
			);
			name = Products;
			sourceTree = "<group>";
		};
		042454A328844B6600FB3052 /* lanedetection */ = {
			isa = PBXGroup;
			children = (
				04EBE64A28844C0D006D0EF8 /* NCKH-code_LaneDetect-Only.cpp */,
			);
			path = lanedetection;
			sourceTree = "<group>";
		};
/* End PBXGroup section */

/* Begin PBXNativeTarget section */
		042454A028844B6600FB3052 /* lanedetection */ = {
			isa = PBXNativeTarget;
			buildConfigurationList = 042454A828844B6600FB3052 /* Build configuration list for PBXNativeTarget "lanedetection" */;
			buildPhases = (
				0424549D28844B6600FB3052 /* Sources */,
				0424549E28844B6600FB3052 /* Frameworks */,
				0424549F28844B6600FB3052 /* CopyFiles */,
			);
			buildRules = (
			);
			dependencies = (
			);
			name = lanedetection;
			productName = lanedetection;
			productReference = 042454A128844B6600FB3052 /* lanedetection */;
			productType = "com.apple.product-type.tool";
		};
/* End PBXNativeTarget section */

/* Begin PBXProject section */
		0424549928844B6600FB3052 /* Project object */ = {
			isa = PBXProject;
			attributes = {
				BuildIndependentTargetsInParallel = 1;
				LastUpgradeCheck = 1340;
				TargetAttributes = {
					042454A028844B6600FB3052 = {
						CreatedOnToolsVersion = 13.4.1;
					};
				};
			};
			buildConfigurationList = 0424549C28844B6600FB3052 /* Build configuration list for PBXProject "lanedetection" */;
			compatibilityVersion = "Xcode 13.0";
			developmentRegion = en;
			hasScannedForEncodings = 0;
			knownRegions = (
				en,
				Base,
			);
			mainGroup = 0424549828844B6600FB3052;
			productRefGroup = 042454A228844B6600FB3052 /* Products */;
			projectDirPath = "";
			projectRoot = "";
			targets = (
				042454A028844B6600FB3052 /* lanedetection */,
			);
		};
/* End PBXProject section */

/* Begin PBXSourcesBuildPhase section */
		0424549D28844B6600FB3052 /* Sources */ = {
			isa = PBXSourcesBuildPhase;
			buildActionMask = 2147483647;
			files = (
				04EBE64B28844C0D006D0EF8 /* NCKH-code_LaneDetect-Only.cpp in Sources */,
			);
			runOnlyForDeploymentPostprocessing = 0;
		};
/* End PBXSourcesBuildPhase section */

/* Begin XCBuildConfiguration section */
		042454A628844B6600FB3052 /* Debug */ = {
			isa = XCBuildConfiguration;
			buildSettings = {
				ALWAYS_SEARCH_USER_PATHS = NO;
				CLANG_ANALYZER_NONNULL = YES;
				CLANG_ANALYZER_NUMBER_OBJECT_CONVERSION = YES_AGGRESSIVE;
				CLANG_CXX_LANGUAGE_STANDARD = "gnu++17";
				CLANG_ENABLE_MODULES = YES;
				CLANG_ENABLE_OBJC_ARC = YES;
				CLANG_ENABLE_OBJC_WEAK = YES;
				CLANG_WARN_BLOCK_CAPTURE_AUTORELEASING = YES;
				CLANG_WARN_BOOL_CONVERSION = YES;
				CLANG_WARN_COMMA = YES;
				CLANG_WARN_CONSTANT_CONVERSION = YES;
				CLANG_WARN_DEPRECATED_OBJC_IMPLEMENTATIONS = YES;
				CLANG_WARN_DIRECT_OBJC_ISA_USAGE = YES_ERROR;
				CLANG_WARN_DOCUMENTATION_COMMENTS = YES;
				CLANG_WARN_EMPTY_BODY = YES;
				CLANG_WARN_ENUM_CONVERSION = YES;
				CLANG_WARN_INFINITE_RECURSION = YES;
				CLANG_WARN_INT_CONVERSION = YES;
				CLANG_WARN_NON_LITERAL_NULL_CONVERSION = YES;
				CLANG_WARN_OBJC_IMPLICIT_RETAIN_SELF = YES;
				CLANG_WARN_OBJC_LITERAL_CONVERSION = YES;
				CLANG_WARN_OBJC_ROOT_CLASS = YES_ERROR;
				CLANG_WARN_QUOTED_INCLUDE_IN_FRAMEWORK_HEADER = YES;
				CLANG_WARN_RANGE_LOOP_ANALYSIS = YES;
				CLANG_WARN_STRICT_PROTOTYPES = YES;
				CLANG_WARN_SUSPICIOUS_MOVE = YES;
				CLANG_WARN_UNGUARDED_AVAILABILITY = YES_AGGRESSIVE;
				CLANG_WARN_UNREACHABLE_CODE = YES;
				CLANG_WARN__DUPLICATE_METHOD_MATCH = YES;
				COPY_PHASE_STRIP = NO;
				DEBUG_INFORMATION_FORMAT = dwarf;
				ENABLE_STRICT_OBJC_MSGSEND = YES;
				ENABLE_TESTABILITY = YES;
				GCC_C_LANGUAGE_STANDARD = gnu11;
				GCC_DYNAMIC_NO_PIC = NO;
				GCC_NO_COMMON_BLOCKS = YES;
				GCC_OPTIMIZATION_LEVEL = 0;
				GCC_PREPROCESSOR_DEFINITIONS = (
					"DEBUG=1",
					"$(inherited)",
				);
				GCC_WARN_64_TO_32_BIT_CONVERSION = YES;
				GCC_WARN_ABOUT_RETURN_TYPE = YES_ERROR;
				GCC_WARN_UNDECLARED_SELECTOR = YES;
				GCC_WARN_UNINITIALIZED_AUTOS = YES_AGGRESSIVE;
				GCC_WARN_UNUSED_FUNCTION = YES;
				GCC_WARN_UNUSED_VARIABLE = YES;
				MACOSX_DEPLOYMENT_TARGET = 12.3;
				MTL_ENABLE_DEBUG_INFO = INCLUDE_SOURCE;
				MTL_FAST_MATH = YES;
				ONLY_ACTIVE_ARCH = YES;
				SDKROOT = macosx;
			};
			name = Debug;
		};
		042454A728844B6600FB3052 /* Release */ = {
			isa = XCBuildConfiguration;
			buildSettings = {
				ALWAYS_SEARCH_USER_PATHS = NO;
				CLANG_ANALYZER_NONNULL = YES;
				CLANG_ANALYZER_NUMBER_OBJECT_CONVERSION = YES_AGGRESSIVE;
				CLANG_CXX_LANGUAGE_STANDARD = "gnu++17";
				CLANG_ENABLE_MODULES = YES;
				CLANG_ENABLE_OBJC_ARC = YES;
				CLANG_ENABLE_OBJC_WEAK = YES;
				CLANG_WARN_BLOCK_CAPTURE_AUTORELEASING = YES;
				CLANG_WARN_BOOL_CONVERSION = YES;
				CLANG_WARN_COMMA = YES;
				CLANG_WARN_CONSTANT_CONVERSION = YES;
				CLANG_WARN_DEPRECATED_OBJC_IMPLEMENTATIONS = YES;
				CLANG_WARN_DIRECT_OBJC_ISA_USAGE = YES_ERROR;
				CLANG_WARN_DOCUMENTATION_COMMENTS = YES;
				CLANG_WARN_EMPTY_BODY = YES;
				CLANG_WARN_ENUM_CONVERSION = YES;
				CLANG_WARN_INFINITE_RECURSION = YES;
				CLANG_WARN_INT_CONVERSION = YES;
				CLANG_WARN_NON_LITERAL_NULL_CONVERSION = YES;
				CLANG_WARN_OBJC_IMPLICIT_RETAIN_SELF = YES;
				CLANG_WARN_OBJC_LITERAL_CONVERSION = YES;
				CLANG_WARN_OBJC_ROOT_CLASS = YES_ERROR;
				CLANG_WARN_QUOTED_INCLUDE_IN_FRAMEWORK_HEADER = YES;
				CLANG_WARN_RANGE_LOOP_ANALYSIS = YES;
				CLANG_WARN_STRICT_PROTOTYPES = YES;
				CLANG_WARN_SUSPICIOUS_MOVE = YES;
				CLANG_WARN_UNGUARDED_AVAILABILITY = YES_AGGRESSIVE;
				CLANG_WARN_UNREACHABLE_CODE = YES;
				CLANG_WARN__DUPLICATE_METHOD_MATCH = YES;
				COPY_PHASE_STRIP = NO;
				DEBUG_INFORMATION_FORMAT = "dwarf-with-dsym";
				ENABLE_NS_ASSERTIONS = NO;
				ENABLE_STRICT_OBJC_MSGSEND = YES;
				GCC_C_LANGUAGE_STANDARD = gnu11;
				GCC_NO_COMMON_BLOCKS = YES;
				GCC_WARN_64_TO_32_BIT_CONVERSION = YES;
				GCC_WARN_ABOUT_RETURN_TYPE = YES_ERROR;
				GCC_WARN_UNDECLARED_SELECTOR = YES;
				GCC_WARN_UNINITIALIZED_AUTOS = YES_AGGRESSIVE;
				GCC_WARN_UNUSED_FUNCTION = YES;
				GCC_WARN_UNUSED_VARIABLE = YES;
				MACOSX_DEPLOYMENT_TARGET = 12.3;
				MTL_ENABLE_DEBUG_INFO = NO;
				MTL_FAST_MATH = YES;
				SDKROOT = macosx;
			};
			name = Release;
		};
		042454A928844B6600FB3052 /* Debug */ = {
			isa = XCBuildConfiguration;
			buildSettings = {
				CODE_SIGN_STYLE = Automatic;
				GCC_NO_COMMON_BLOCKS = NO;
				HEADER_SEARCH_PATHS = "/usr/local/Cellar/opencv/4.5.5_3/include/opencv4/**";
				LIBRARY_SEARCH_PATHS = (
					"$(inherited)",
					/usr/local/Cellar/opencv/4.5.5_3/lib,
				);
				PRODUCT_NAME = "$(TARGET_NAME)";
			};
			name = Debug;
		};
		042454AA28844B6600FB3052 /* Release */ = {
			isa = XCBuildConfiguration;
			buildSettings = {
				CODE_SIGN_STYLE = Automatic;
				GCC_NO_COMMON_BLOCKS = NO;
				HEADER_SEARCH_PATHS = "/usr/local/Cellar/opencv/4.5.5_3/include/opencv4/**";
				LIBRARY_SEARCH_PATHS = (
					"$(inherited)",
					/usr/local/Cellar/opencv/4.5.5_3/lib,
				);
				PRODUCT_NAME = "$(TARGET_NAME)";
			};
			name = Release;
		};
/* End XCBuildConfiguration section */

/* Begin XCConfigurationList section */
		0424549C28844B6600FB3052 /* Build configuration list for PBXProject "lanedetection" */ = {
			isa = XCConfigurationList;
			buildConfigurations = (
				042454A628844B6600FB3052 /* Debug */,
				042454A728844B6600FB3052 /* Release */,
			);
			defaultConfigurationIsVisible = 0;
			defaultConfigurationName = Release;
		};
		042454A828844B6600FB3052 /* Build configuration list for PBXNativeTarget "lanedetection" */ = {
			isa = XCConfigurationList;
			buildConfigurations = (
				042454A928844B6600FB3052 /* Debug */,
				042454AA28844B6600FB3052 /* Release */,
			);
			defaultConfigurationIsVisible = 0;
			defaultConfigurationName = Release;
		};
/* End XCConfigurationList section */
	};
	rootObject = 0424549928844B6600FB3052 /* Project object */;
}
